<?xml version="1.0" encoding="utf-8"?>
<Project ToolsVersion="4.0" xmlns="http://schemas.microsoft.com/developer/msbuild/2003">
  <ItemGroup>
    <Filter Include="Source Files">
      <UniqueIdentifier>{4FC737F1-C7A5-4376-A066-2A32D752A2FF}</UniqueIdentifier>
      <Extensions>qml;cpp;c;cc;cxx;def;odl;idl;hpj;bat;asm;asmx</Extensions>
    </Filter>
    <Filter Include="Header Files">
      <UniqueIdentifier>{93995380-89BD-4b04-88EB-625FBE52EBFB}</UniqueIdentifier>
      <Extensions>h;hh;hpp;hxx;hm;inl;inc;xsd</Extensions>
    </Filter>
    <Filter Include="Resource Files">
      <UniqueIdentifier>{67DA6AB6-F800-4c08-8B7A-83BB121AAD01}</UniqueIdentifier>
      <Extensions>qrc;rc;ico;cur;bmp;dlg;rc2;rct;bin;rgs;gif;jpg;jpeg;jpe;resx;tiff;tif;png;wav;mfcribbon-ms</Extensions>
    </Filter>
    <Filter Include="Form Files">
      <UniqueIdentifier>{99349809-55BA-4b9d-BF79-8FDBB0286EB3}</UniqueIdentifier>
      <Extensions>ui</Extensions>
    </Filter>
    <Filter Include="Translation Files">
      <UniqueIdentifier>{639EADAA-A684-42e4-A9AD-28FC9BCB8F7C}</UniqueIdentifier>
      <Extensions>ts</Extensions>
    </Filter>
  </ItemGroup>
  <ItemGroup>
    <QtRcc Include="NiceClipboard.qrc">
      <Filter>Resource Files</Filter>
    </QtRcc>
    <QtUic Include="NiceClipboard.ui">
      <Filter>Form Files</Filter>
    </QtUic>
    <QtMoc Include="NiceClipboard.h">
      <Filter>Header Files</Filter>
    </QtMoc>
    <ClCompile Include="NiceClipboard.cpp">
      <Filter>Source Files</Filter>
    </ClCompile>
    <None Include="NiceClipboard.ico">
      <Filter>Resource Files</Filter>
    </None>
    <ResourceCompile Include="NiceClipboard.rc">
      <Filter>Resource Files</Filter>
    </ResourceCompile>
  </ItemGroup>
  <ItemGroup>
    <ClCompile Include="main.cpp">
      <Filter>Source Files</Filter>
    </ClCompile>
    <ClCompile Include="ClipboardListView.cpp">
      <Filter>Source Files</Filter>
    </ClCompile>
    <ClCompile Include="StringProcess.cpp">
      <Filter>Source Files</Filter>
    </ClCompile>
    <ClCompile Include="AnimatedMenuAction.cpp">
      <Filter>Source Files</Filter>
    </ClCompile>
    <ClCompile Include="AnimatedMenu.cpp">
      <Filter>Source Files</Filter>
    </ClCompile>
    <ClCompile Include="RoundedIconButton.cpp">
      <Filter>Source Files</Filter>
    </ClCompile>
    <ClCompile Include="TranslucentScreenMask.cpp">
      <Filter>Source Files</Filter>
    </ClCompile>
    <ClCompile Include="SettingsWidget.cpp">
      <Filter>Source Files</Filter>
    </ClCompile>
    <ClCompile Include="DoubleClickController.cpp">
      <Filter>Source Files</Filter>
    </ClCompile>
    <ClCompile Include="GlobalConfigManager.cpp">
      <Filter>Source Files</Filter>
    </ClCompile>
    <ClCompile Include="CheckBoxWithUserData.cpp">
      <Filter>Source Files</Filter>
    </ClCompile>
    <ClCompile Include="Win32HotKey.cpp">
      <Filter>Source Files</Filter>
    </ClCompile>
    <ClCompile Include="SettingsUIFactory.cpp">
      <Filter>Source Files</Filter>
    </ClCompile>
    <ClCompile Include="HotKeyEdit.cpp">
      <Filter>Source Files</Filter>
    </ClCompile>
    <ClCompile Include="GlobalConfig.cpp">
      <Filter>Source Files</Filter>
    </ClCompile>
    <ClCompile Include="ScheduledTask.cpp">
      <Filter>Source Files</Filter>
    </ClCompile>
    <ClCompile Include="AdminUtils.cpp">
      <Filter>Source Files</Filter>
    </ClCompile>
    <ClCompile Include="GlobalScheduledTaskManager.cpp">
      <Filter>Source Files</Filter>
    </ClCompile>
    <ClCompile Include="ClipboardListViewItem.cpp">
      <Filter>Source Files</Filter>
    </ClCompile>
    <ClCompile Include="ColoredSvgIcon.cpp">
      <Filter>Source Files</Filter>
    </ClCompile>
  </ItemGroup>
  <ItemGroup>
    <QtMoc Include="ClipboardListView.h">
      <Filter>Header Files</Filter>
    </QtMoc>
    <QtMoc Include="AnimatedMenuAction.h">
      <Filter>Header Files</Filter>
    </QtMoc>
    <QtMoc Include="RoundedIconButton.h">
      <Filter>Header Files</Filter>
    </QtMoc>
    <QtMoc Include="TranslucentScreenMask.h">
      <Filter>Header Files</Filter>
    </QtMoc>
    <QtMoc Include="CheckBoxWithUserData.h">
      <Filter>Header Files</Filter>
    </QtMoc>
    <QtMoc Include="SettingsUIFactory.h">
      <Filter>Header Files</Filter>
    </QtMoc>
    <QtMoc Include="SettingsWidget.h">
      <Filter>Header Files</Filter>
    </QtMoc>
    <QtMoc Include="HotKeyEdit.h">
      <Filter>Header Files</Filter>
    </QtMoc>
    <QtMoc Include="ClipboardListViewItem.h">
      <Filter>Header Files</Filter>
    </QtMoc>
  </ItemGroup>
  <ItemGroup>
    <ClInclude Include="StringProcess.h">
      <Filter>Header Files</Filter>
    </ClInclude>
    <ClInclude Include="AnimatedMenu.h">
      <Filter>Header Files</Filter>
    </ClInclude>
    <ClInclude Include="DoubleClickController.h">
      <Filter>Header Files</Filter>
    </ClInclude>
    <ClInclude Include="GlobalConfigManager.h">
      <Filter>Header Files</Filter>
    </ClInclude>
    <ClInclude Include="Win32HotKey.h">
      <Filter>Header Files</Filter>
    </ClInclude>
    <ClInclude Include="GlobalConfig.h">
      <Filter>Header Files</Filter>
    </ClInclude>
    <ClInclude Include="ScheduledTask.h">
      <Filter>Header Files</Filter>
    </ClInclude>
    <ClInclude Include="AdminUtils.h">
      <Filter>Header Files</Filter>
    </ClInclude>
    <ClInclude Include="GlobalScheduledTaskManager.h">
      <Filter>Header Files</Filter>
    </ClInclude>
    <ClInclude Include="ClipboardItemData.h">
      <Filter>Header Files</Filter>
    </ClInclude>
    <ClInclude Include="ColoredSvgIcon.h">
      <Filter>Header Files</Filter>
    </ClInclude>
    <ClInclude Include="resource.h">
      <Filter>Header Files</Filter>
    </ClInclude>
  </ItemGroup>
  <ItemGroup>
    <QtUic Include="SettingsWidget.ui">
      <Filter>Form Files</Filter>
    </QtUic>
    <QtUic Include="ClipboardListViewItemWidget.ui">
      <Filter>Form Files</Filter>
    </QtUic>
  </ItemGroup>
</Project>